
Microsoft Visual Studio Solution File, Format Version 12.00
# Visual Studio Version 16
VisualStudioVersion = 16.0.30621.155
MinimumVisualStudioVersion = 10.0.40219.1
Project("{FAE04EC0-301F-11D3-BF4B-00C04F79EFBC}") = "Pruefung", "Pruefung\Pruefung.csproj", "{6F05A35C-0EA9-4DE8-BFC5-9D11BF5F3D0D}"
EndProject
Global
	GlobalSection(SolutionConfigurationPlatforms) = preSolution
		Debug|Any CPU = Debug|Any CPU
		Release|Any CPU = Release|Any CPU
	EndGlobalSection
	GlobalSection(ProjectConfigurationPlatforms) = postSolution
		{6F05A35C-0EA9-4DE8-BFC5-9D11BF5F3D0D}.Debug|Any CPU.ActiveCfg = Debug|Any CPU
		{6F05A35C-0EA9-4DE8-BFC5-9D11BF5F3D0D}.Debug|Any CPU.Build.0 = Debug|Any CPU
		{6F05A35C-0EA9-4DE8-BFC5-9D11BF5F3D0D}.Release|Any CPU.ActiveCfg = Release|Any CPU
		{6F05A35C-0EA9-4DE8-BFC5-9D11BF5F3D0D}.Release|Any CPU.Build.0 = Release|Any CPU
	EndGlobalSection
	GlobalSection(SolutionProperties) = preSolution
		HideSolutionNode = FALSE
	EndGlobalSection
	GlobalSection(ExtensibilityGlobals) = postSolution
		SolutionGuid = {BBC4B519-2312-434A-93C7-BA79F52987E7}
	EndGlobalSection
EndGlobal
